
Microsoft Visual Studio Solution File, Format Version 12.00
# Visual Studio Version 17
VisualStudioVersion = 17.11.35327.3
MinimumVisualStudioVersion = 10.0.40219.1
Project("{FAE04EC0-301F-11D3-BF4B-00C04F79EFBC}") = "Lib1", "Lib1\Lib1.csproj", "{4576D065-E2AD-42FC-80AE-50C34EFCAF64}"
EndProject
Project("{FAE04EC0-301F-11D3-BF4B-00C04F79EFBC}") = "Lib2", "Lib2\Lib2.csproj", "{C2927B91-9485-492D-AB80-38E949AFD31F}"
EndProject
Project("{FAE04EC0-301F-11D3-BF4B-00C04F79EFBC}") = "ConsoleApp", "ConsoleApp\ConsoleApp.csproj", "{4CA280DE-AA0D-4230-A61F-9C23EED7B77F}"
EndProject
Global
	GlobalSection(SolutionConfigurationPlatforms) = preSolution
		Debug|Any CPU = Debug|Any CPU
		Release|Any CPU = Release|Any CPU
	EndGlobalSection
	GlobalSection(ProjectConfigurationPlatforms) = postSolution
		{4576D065-E2AD-42FC-80AE-50C34EFCAF64}.Debug|Any CPU.ActiveCfg = Debug|Any CPU
		{4576D065-E2AD-42FC-80AE-50C34EFCAF64}.Debug|Any CPU.Build.0 = Debug|Any CPU
		{4576D065-E2AD-42FC-80AE-50C34EFCAF64}.Release|Any CPU.ActiveCfg = Release|Any CPU
		{4576D065-E2AD-42FC-80AE-50C34EFCAF64}.Release|Any CPU.Build.0 = Release|Any CPU
		{C2927B91-9485-492D-AB80-38E949AFD31F}.Debug|Any CPU.ActiveCfg = Debug|Any CPU
		{C2927B91-9485-492D-AB80-38E949AFD31F}.Debug|Any CPU.Build.0 = Debug|Any CPU
		{C2927B91-9485-492D-AB80-38E949AFD31F}.Release|Any CPU.ActiveCfg = Release|Any CPU
		{C2927B91-9485-492D-AB80-38E949AFD31F}.Release|Any CPU.Build.0 = Release|Any CPU
		{4CA280DE-AA0D-4230-A61F-9C23EED7B77F}.Debug|Any CPU.ActiveCfg = Debug|Any CPU
		{4CA280DE-AA0D-4230-A61F-9C23EED7B77F}.Debug|Any CPU.Build.0 = Debug|Any CPU
		{4CA280DE-AA0D-4230-A61F-9C23EED7B77F}.Release|Any CPU.ActiveCfg = Release|Any CPU
		{4CA280DE-AA0D-4230-A61F-9C23EED7B77F}.Release|Any CPU.Build.0 = Release|Any CPU
	EndGlobalSection
	GlobalSection(SolutionProperties) = preSolution
		HideSolutionNode = FALSE
	EndGlobalSection
	GlobalSection(ExtensibilityGlobals) = postSolution
		SolutionGuid = {8463B11A-9FC2-483E-8F3D-320705533046}
	EndGlobalSection
EndGlobal
